
Microsoft Visual Studio Solution File, Format Version 12.00
# Visual Studio Version 16
VisualStudioVersion = 16.0.30309.148
MinimumVisualStudioVersion = 10.0.40219.1
Project("{9A19103F-16F7-4668-BE54-9A1E7A4F7556}") = "Parenthesis", "Parenthesis.csproj", "{8E5EB9F8-6F10-4705-A14F-BFBE89442DBC}"
EndProject
Project("{FAE04EC0-301F-11D3-BF4B-00C04F79EFBC}") = "ParenthesisTests", "..\ParenthesisTests\ParenthesisTests.csproj", "{6A6154C8-7855-46CF-9446-AC67E461BA12}"
EndProject
Global
	GlobalSection(SolutionConfigurationPlatforms) = preSolution
		Debug|Any CPU = Debug|Any CPU
		Release|Any CPU = Release|Any CPU
	EndGlobalSection
	GlobalSection(ProjectConfigurationPlatforms) = postSolution
		{8E5EB9F8-6F10-4705-A14F-BFBE89442DBC}.Debug|Any CPU.ActiveCfg = Debug|Any CPU
		{8E5EB9F8-6F10-4705-A14F-BFBE89442DBC}.Debug|Any CPU.Build.0 = Debug|Any CPU
		{8E5EB9F8-6F10-4705-A14F-BFBE89442DBC}.Release|Any CPU.ActiveCfg = Release|Any CPU
		{8E5EB9F8-6F10-4705-A14F-BFBE89442DBC}.Release|Any CPU.Build.0 = Release|Any CPU
		{6A6154C8-7855-46CF-9446-AC67E461BA12}.Debug|Any CPU.ActiveCfg = Debug|Any CPU
		{6A6154C8-7855-46CF-9446-AC67E461BA12}.Debug|Any CPU.Build.0 = Debug|Any CPU
		{6A6154C8-7855-46CF-9446-AC67E461BA12}.Release|Any CPU.ActiveCfg = Release|Any CPU
		{6A6154C8-7855-46CF-9446-AC67E461BA12}.Release|Any CPU.Build.0 = Release|Any CPU
	EndGlobalSection
	GlobalSection(SolutionProperties) = preSolution
		HideSolutionNode = FALSE
	EndGlobalSection
	GlobalSection(ExtensibilityGlobals) = postSolution
		SolutionGuid = {0B7DFD85-B390-49AE-A2D9-23CAFA15AE07}
	EndGlobalSection
EndGlobal
